
Microsoft Visual Studio Solution File, Format Version 12.00
# Visual Studio Version 17
VisualStudioVersion = 17.4.33213.308
MinimumVisualStudioVersion = 10.0.40219.1
Project("{FAE04EC0-301F-11D3-BF4B-00C04F79EFBC}") = "MVCWeek01", "MVCWeek01\MVCWeek01.csproj", "{959562DF-D6C4-4807-AF2A-C97941B45E7D}"
EndProject
Global
	GlobalSection(SolutionConfigurationPlatforms) = preSolution
		Debug|Any CPU = Debug|Any CPU
		Release|Any CPU = Release|Any CPU
	EndGlobalSection
	GlobalSection(ProjectConfigurationPlatforms) = postSolution
		{959562DF-D6C4-4807-AF2A-C97941B45E7D}.Debug|Any CPU.ActiveCfg = Debug|Any CPU
		{959562DF-D6C4-4807-AF2A-C97941B45E7D}.Debug|Any CPU.Build.0 = Debug|Any CPU
		{959562DF-D6C4-4807-AF2A-C97941B45E7D}.Release|Any CPU.ActiveCfg = Release|Any CPU
		{959562DF-D6C4-4807-AF2A-C97941B45E7D}.Release|Any CPU.Build.0 = Release|Any CPU
	EndGlobalSection
	GlobalSection(SolutionProperties) = preSolution
		HideSolutionNode = FALSE
	EndGlobalSection
	GlobalSection(ExtensibilityGlobals) = postSolution
		SolutionGuid = {C4E6C9BA-9CCD-4ADA-A76F-141442BFDDFF}
	EndGlobalSection
EndGlobal
